
Microsoft Visual Studio Solution File, Format Version 12.00
# Visual Studio Version 17
VisualStudioVersion = 17.5.002.0
MinimumVisualStudioVersion = 10.0.40219.1
Project("{9A19103F-16F7-4668-BE54-9A1E7A4F7556}") = "WebAPI", "WebAPI.csproj", "{BBE923A7-DEE5-45B5-9335-DA1D81D3B435}"
EndProject
Global
	GlobalSection(SolutionConfigurationPlatforms) = preSolution
		Debug|Any CPU = Debug|Any CPU
		Release|Any CPU = Release|Any CPU
	EndGlobalSection
	GlobalSection(ProjectConfigurationPlatforms) = postSolution
		{BBE923A7-DEE5-45B5-9335-DA1D81D3B435}.Debug|Any CPU.ActiveCfg = Debug|Any CPU
		{BBE923A7-DEE5-45B5-9335-DA1D81D3B435}.Debug|Any CPU.Build.0 = Debug|Any CPU
		{BBE923A7-DEE5-45B5-9335-DA1D81D3B435}.Release|Any CPU.ActiveCfg = Release|Any CPU
		{BBE923A7-DEE5-45B5-9335-DA1D81D3B435}.Release|Any CPU.Build.0 = Release|Any CPU
	EndGlobalSection
	GlobalSection(SolutionProperties) = preSolution
		HideSolutionNode = FALSE
	EndGlobalSection
	GlobalSection(ExtensibilityGlobals) = postSolution
		SolutionGuid = {9BEFB741-7213-405E-9A6E-87B9FF0993E9}
	EndGlobalSection
EndGlobal
